
Microsoft Visual Studio Solution File, Format Version 12.00
# Visual Studio Version 16
VisualStudioVersion = 16.0.31515.178
MinimumVisualStudioVersion = 10.0.40219.1
Project("{888888A0-9F3D-457C-B088-3A5042F75D52}") = "Country Program", "Country Program.pyproj", "{EF8494A2-599A-4A2D-B3F2-C4A64F05A1E1}"
EndProject
Global
	GlobalSection(SolutionConfigurationPlatforms) = preSolution
		Debug|Any CPU = Debug|Any CPU
		Release|Any CPU = Release|Any CPU
	EndGlobalSection
	GlobalSection(ProjectConfigurationPlatforms) = postSolution
		{EF8494A2-599A-4A2D-B3F2-C4A64F05A1E1}.Debug|Any CPU.ActiveCfg = Debug|Any CPU
		{EF8494A2-599A-4A2D-B3F2-C4A64F05A1E1}.Release|Any CPU.ActiveCfg = Release|Any CPU
	EndGlobalSection
	GlobalSection(SolutionProperties) = preSolution
		HideSolutionNode = FALSE
	EndGlobalSection
	GlobalSection(ExtensibilityGlobals) = postSolution
		SolutionGuid = {348D8F25-898F-41FE-9D81-B308E53AF3B4}
	EndGlobalSection
EndGlobal
